{
  "name": "protobuf-prez",
  "version": "1.0.0",
  "lockfileVersion": 3,
  "requires": true,
  "packages": {
    "": {
      "name": "protobuf-prez",
      "version": "1.0.0",
      "license": "ISC",
      "devDependencies": {
        "@protobuf-ts/plugin": "^2.9.1",
        "@types/node": "^20.4.9",
        "protoc-gen-ts": "^0.8.6"
      }
    },
    "node_modules/@protobuf-ts/plugin": {
      "version": "2.9.1",
      "resolved": "https://registry.npmjs.org/@protobuf-ts/plugin/-/plugin-2.9.1.tgz",
      "integrity": "sha512-svkFSyFgTtaLdDFPGvd6cTu8qK5Nul5RizDCTcv0xWRzcPWtMiqbuCLKCv6E9gdpnAs3MPeQTnSABB2+NhfWBg==",
      "dev": true,
      "dependencies": {
        "@protobuf-ts/plugin-framework": "^2.9.1",
        "@protobuf-ts/protoc": "^2.9.1",
        "@protobuf-ts/runtime": "^2.9.1",
        "@protobuf-ts/runtime-rpc": "^2.9.1",
        "typescript": "^3.9"
      },
      "bin": {
        "protoc-gen-dump": "bin/protoc-gen-dump",
        "protoc-gen-ts": "bin/protoc-gen-ts"
      }
    },
    "node_modules/@protobuf-ts/plugin-framework": {
      "version": "2.9.1",
      "resolved": "https://registry.npmjs.org/@protobuf-ts/plugin-framework/-/plugin-framework-2.9.1.tgz",
      "integrity": "sha512-/4sHdsXjp6KKkbpcCLUHpMfdYsCaqqQHRAwoxVzHmltsotw06B/K9HglZtkQx0IpLO4eeF3vNr3n7qzjD3e2zA==",
      "dev": true,
      "dependencies": {
        "@protobuf-ts/runtime": "^2.9.1",
        "typescript": "^3.9"
      }
    },
    "node_modules/@protobuf-ts/plugin-framework/node_modules/typescript": {
      "version": "3.9.10",
      "resolved": "https://registry.npmjs.org/typescript/-/typescript-3.9.10.tgz",
      "integrity": "sha512-w6fIxVE/H1PkLKcCPsFqKE7Kv7QUwhU8qQY2MueZXWx5cPZdwFupLgKK3vntcK98BtNHZtAF4LA/yl2a7k8R6Q==",
      "dev": true,
      "bin": {
        "tsc": "bin/tsc",
        "tsserver": "bin/tsserver"
      },
      "engines": {
        "node": ">=4.2.0"
      }
    },
    "node_modules/@protobuf-ts/plugin/node_modules/typescript": {
      "version": "3.9.10",
      "resolved": "https://registry.npmjs.org/typescript/-/typescript-3.9.10.tgz",
      "integrity": "sha512-w6fIxVE/H1PkLKcCPsFqKE7Kv7QUwhU8qQY2MueZXWx5cPZdwFupLgKK3vntcK98BtNHZtAF4LA/yl2a7k8R6Q==",
      "dev": true,
      "bin": {
        "tsc": "bin/tsc",
        "tsserver": "bin/tsserver"
      },
      "engines": {
        "node": ">=4.2.0"
      }
    },
    "node_modules/@protobuf-ts/protoc": {
      "version": "2.9.1",
      "resolved": "https://registry.npmjs.org/@protobuf-ts/protoc/-/protoc-2.9.1.tgz",
      "integrity": "sha512-/q2iVDwVDijfZlFZnnm3W6ALbybNskNSww88TfYBaJH49PuQMqhcXUPRu28UouJr9sc/Lr5k6t0TB9Nff3UIsA==",
      "dev": true,
      "bin": {
        "protoc": "protoc.js"
      }
    },
    "node_modules/@protobuf-ts/runtime": {
      "version": "2.9.1",
      "resolved": "https://registry.npmjs.org/@protobuf-ts/runtime/-/runtime-2.9.1.tgz",
      "integrity": "sha512-ZTc8b+pQ6bwxZa3qg9/IO/M/brRkvr0tic9cSGgAsDByfPrtatT2300wTIRLDk8X9WTW1tT+FhyqmcrbMHTeww==",
      "dev": true
    },
    "node_modules/@protobuf-ts/runtime-rpc": {
      "version": "2.9.1",
      "resolved": "https://registry.npmjs.org/@protobuf-ts/runtime-rpc/-/runtime-rpc-2.9.1.tgz",
      "integrity": "sha512-pzO20J6s07LTWcj8hKAXh/dAacU5HIVir6SANKXXH8G0pn0VIIB4FFECq5Hbv25/8PQoOGZ7iApq/DMHaSjGhg==",
      "dev": true,
      "dependencies": {
        "@protobuf-ts/runtime": "^2.9.1"
      }
    },
    "node_modules/@types/node": {
      "version": "20.4.9",
      "resolved": "https://registry.npmjs.org/@types/node/-/node-20.4.9.tgz",
      "integrity": "sha512-8e2HYcg7ohnTUbHk8focoklEQYvemQmu9M/f43DZVx43kHn0tE3BY/6gSDxS7k0SprtS0NHvj+L80cGLnoOUcQ==",
      "dev": true
    },
    "node_modules/google-protobuf": {
      "version": "3.21.2",
      "resolved": "https://registry.npmjs.org/google-protobuf/-/google-protobuf-3.21.2.tgz",
      "integrity": "sha512-3MSOYFO5U9mPGikIYCzK0SaThypfGgS6bHqrUGXG3DPHCrb+txNqeEcns1W0lkGfk0rCyNXm7xB9rMxnCiZOoA==",
      "dev": true,
      "peer": true
    },
    "node_modules/protoc-gen-ts": {
      "version": "0.8.6",
      "resolved": "https://registry.npmjs.org/protoc-gen-ts/-/protoc-gen-ts-0.8.6.tgz",
      "integrity": "sha512-66oeorGy4QBvYjQGd/gaeOYyFqKyRmRgTpofmnw8buMG0P7A0jQjoKSvKJz5h5tNUaVkIzvGBUTRVGakrhhwpA==",
      "dev": true,
      "bin": {
        "protoc-gen-ts": "bin/protoc-gen-ts.js"
      },
      "funding": {
        "type": "individual",
        "url": "https://www.buymeacoffee.com/thesayyn"
      },
      "peerDependencies": {
        "google-protobuf": "^3.13.0",
        "typescript": "4.x.x"
      }
    },
    "node_modules/typescript": {
      "version": "4.9.5",
      "resolved": "https://registry.npmjs.org/typescript/-/typescript-4.9.5.tgz",
      "integrity": "sha512-1FXk9E2Hm+QzZQ7z+McJiHL4NW1F2EzMu9Nq9i3zAaGqibafqYwCVU6WyWAuyQRRzOlxou8xZSyXLEN8oKj24g==",
      "dev": true,
      "peer": true,
      "bin": {
        "tsc": "bin/tsc",
        "tsserver": "bin/tsserver"
      },
      "engines": {
        "node": ">=4.2.0"
      }
    }
  }
}
